
Microsoft Visual Studio Solution File, Format Version 12.00
# Visual Studio Version 17
VisualStudioVersion = 17.14.36408.4 d17.14
MinimumVisualStudioVersion = 10.0.40219.1
Project("{FAE04EC0-301F-11D3-BF4B-00C04F79EFBC}") = "Translator", "Translator\Translator.csproj", "{28673530-B2FB-47CA-9520-23DD3AA26F84}"
EndProject
Global
	GlobalSection(SolutionConfigurationPlatforms) = preSolution
		Debug|Any CPU = Debug|Any CPU
		Release|Any CPU = Release|Any CPU
	EndGlobalSection
	GlobalSection(ProjectConfigurationPlatforms) = postSolution
		{28673530-B2FB-47CA-9520-23DD3AA26F84}.Debug|Any CPU.ActiveCfg = Debug|Any CPU
		{28673530-B2FB-47CA-9520-23DD3AA26F84}.Debug|Any CPU.Build.0 = Debug|Any CPU
		{28673530-B2FB-47CA-9520-23DD3AA26F84}.Release|Any CPU.ActiveCfg = Release|Any CPU
		{28673530-B2FB-47CA-9520-23DD3AA26F84}.Release|Any CPU.Build.0 = Release|Any CPU
	EndGlobalSection
	GlobalSection(SolutionProperties) = preSolution
		HideSolutionNode = FALSE
	EndGlobalSection
	GlobalSection(ExtensibilityGlobals) = postSolution
		SolutionGuid = {2BA0FAE5-8D69-4CC3-8845-9C8D754D8841}
	EndGlobalSection
EndGlobal
